dependencies:
  espressif/coap:
    component_hash: 041beed0026e0b9f461ffea422bcb579b41fc58df1c1286648b749aceaed2e9b
    dependencies:
    - name: idf
      registry_url: https://components.espressif.com
      require: private
      version: '>=4.4'
    source:
      registry_url: https://components.espressif.com/
      type: service
    version: 4.3.5~2
  idf:
    source:
      type: idf
    version: 5.4.0
  protocol_examples_common:
    dependencies: []
    source:
      path: /home/josugoar/esp/esp-idf/examples/common_components/protocol_examples_common
      type: local
    version: '*'
direct_dependencies:
- espressif/coap
- protocol_examples_common
manifest_hash: 02819e4bf6b2dc161c870d4fed9f99c16ebe9718957e41c2c8472b4f9d7c05c1
target: esp32
version: 2.0.0
